
Microsoft Visual Studio Solution File, Format Version 12.00
# Visual Studio 15
VisualStudioVersion = 15.0.26124.0
MinimumVisualStudioVersion = 15.0.26124.0
Project("{FAE04EC0-301F-11D3-BF4B-00C04F79EFBC}") = "KweetAPI", "KweetAPI\KweetAPI.csproj", "{DE0CA099-428B-49A0-945F-9DE66BBA956E}"
EndProject
Project("{FAE04EC0-301F-11D3-BF4B-00C04F79EFBC}") = "UserAPI", "UserAPI\UserAPI.csproj", "{B7BF4398-49AC-4128-9BF7-AD17A59A126A}"
EndProject
Project("{FAE04EC0-301F-11D3-BF4B-00C04F79EFBC}") = "GatewayAPI", "GatewayAPI\GatewayAPI.csproj", "{F6BE3E73-0BB9-42E9-90B3-718946621783}"
EndProject
Global
	GlobalSection(SolutionConfigurationPlatforms) = preSolution
		Debug|Any CPU = Debug|Any CPU
		Debug|x64 = Debug|x64
		Debug|x86 = Debug|x86
		Release|Any CPU = Release|Any CPU
		Release|x64 = Release|x64
		Release|x86 = Release|x86
	EndGlobalSection
	GlobalSection(SolutionProperties) = preSolution
		HideSolutionNode = FALSE
	EndGlobalSection
	GlobalSection(ProjectConfigurationPlatforms) = postSolution
		{DE0CA099-428B-49A0-945F-9DE66BBA956E}.Debug|Any CPU.ActiveCfg = Debug|Any CPU
		{DE0CA099-428B-49A0-945F-9DE66BBA956E}.Debug|Any CPU.Build.0 = Debug|Any CPU
		{DE0CA099-428B-49A0-945F-9DE66BBA956E}.Debug|x64.ActiveCfg = Debug|Any CPU
		{DE0CA099-428B-49A0-945F-9DE66BBA956E}.Debug|x64.Build.0 = Debug|Any CPU
		{DE0CA099-428B-49A0-945F-9DE66BBA956E}.Debug|x86.ActiveCfg = Debug|Any CPU
		{DE0CA099-428B-49A0-945F-9DE66BBA956E}.Debug|x86.Build.0 = Debug|Any CPU
		{DE0CA099-428B-49A0-945F-9DE66BBA956E}.Release|Any CPU.ActiveCfg = Release|Any CPU
		{DE0CA099-428B-49A0-945F-9DE66BBA956E}.Release|Any CPU.Build.0 = Release|Any CPU
		{DE0CA099-428B-49A0-945F-9DE66BBA956E}.Release|x64.ActiveCfg = Release|Any CPU
		{DE0CA099-428B-49A0-945F-9DE66BBA956E}.Release|x64.Build.0 = Release|Any CPU
		{DE0CA099-428B-49A0-945F-9DE66BBA956E}.Release|x86.ActiveCfg = Release|Any CPU
		{DE0CA099-428B-49A0-945F-9DE66BBA956E}.Release|x86.Build.0 = Release|Any CPU
		{B7BF4398-49AC-4128-9BF7-AD17A59A126A}.Debug|Any CPU.ActiveCfg = Debug|Any CPU
		{B7BF4398-49AC-4128-9BF7-AD17A59A126A}.Debug|Any CPU.Build.0 = Debug|Any CPU
		{B7BF4398-49AC-4128-9BF7-AD17A59A126A}.Debug|x64.ActiveCfg = Debug|Any CPU
		{B7BF4398-49AC-4128-9BF7-AD17A59A126A}.Debug|x64.Build.0 = Debug|Any CPU
		{B7BF4398-49AC-4128-9BF7-AD17A59A126A}.Debug|x86.ActiveCfg = Debug|Any CPU
		{B7BF4398-49AC-4128-9BF7-AD17A59A126A}.Debug|x86.Build.0 = Debug|Any CPU
		{B7BF4398-49AC-4128-9BF7-AD17A59A126A}.Release|Any CPU.ActiveCfg = Release|Any CPU
		{B7BF4398-49AC-4128-9BF7-AD17A59A126A}.Release|Any CPU.Build.0 = Release|Any CPU
		{B7BF4398-49AC-4128-9BF7-AD17A59A126A}.Release|x64.ActiveCfg = Release|Any CPU
		{B7BF4398-49AC-4128-9BF7-AD17A59A126A}.Release|x64.Build.0 = Release|Any CPU
		{B7BF4398-49AC-4128-9BF7-AD17A59A126A}.Release|x86.ActiveCfg = Release|Any CPU
		{B7BF4398-49AC-4128-9BF7-AD17A59A126A}.Release|x86.Build.0 = Release|Any CPU
		{F6BE3E73-0BB9-42E9-90B3-718946621783}.Debug|Any CPU.ActiveCfg = Debug|Any CPU
		{F6BE3E73-0BB9-42E9-90B3-718946621783}.Debug|Any CPU.Build.0 = Debug|Any CPU
		{F6BE3E73-0BB9-42E9-90B3-718946621783}.Debug|x64.ActiveCfg = Debug|Any CPU
		{F6BE3E73-0BB9-42E9-90B3-718946621783}.Debug|x64.Build.0 = Debug|Any CPU
		{F6BE3E73-0BB9-42E9-90B3-718946621783}.Debug|x86.ActiveCfg = Debug|Any CPU
		{F6BE3E73-0BB9-42E9-90B3-718946621783}.Debug|x86.Build.0 = Debug|Any CPU
		{F6BE3E73-0BB9-42E9-90B3-718946621783}.Release|Any CPU.ActiveCfg = Release|Any CPU
		{F6BE3E73-0BB9-42E9-90B3-718946621783}.Release|Any CPU.Build.0 = Release|Any CPU
		{F6BE3E73-0BB9-42E9-90B3-718946621783}.Release|x64.ActiveCfg = Release|Any CPU
		{F6BE3E73-0BB9-42E9-90B3-718946621783}.Release|x64.Build.0 = Release|Any CPU
		{F6BE3E73-0BB9-42E9-90B3-718946621783}.Release|x86.ActiveCfg = Release|Any CPU
		{F6BE3E73-0BB9-42E9-90B3-718946621783}.Release|x86.Build.0 = Release|Any CPU
	EndGlobalSection
EndGlobal
